// !$*UTF8*$!
{
	archiveVersion = 1;
	classes = {
	};
	objectVersion = 56;
	objects = {

/* Begin PBXBuildFile section */
		2243D8BA2A3A313300B54ED5 /* ui_playgroundApp.swift in Sources */ = {isa = PBXBuildFile; fileRef = 2243D8B92A3A313300B54ED5 /* ui_playgroundApp.swift */; };
		2243D8BC2A3A313300B54ED5 /* ContentView.swift in Sources */ = {isa = PBXBuildFile; fileRef = 2243D8BB2A3A313300B54ED5 /* ContentView.swift */; };
		2243D8BE2A3A313400B54ED5 /* Assets.xcassets in Resources */ = {isa = PBXBuildFile; fileRef = 2243D8BD2A3A313400B54ED5 /* Assets.xcassets */; };
		2243D8C12A3A313400B54ED5 /* Preview Assets.xcassets in Resources */ = {isa = PBXBuildFile; fileRef = 2243D8C02A3A313400B54ED5 /* Preview Assets.xcassets */; };
		2243D8CB2A3A313400B54ED5 /* ui_playgroundTests.swift in Sources */ = {isa = PBXBuildFile; fileRef = 2243D8CA2A3A313400B54ED5 /* ui_playgroundTests.swift */; };
		2243D8D52A3A313400B54ED5 /* ui_playgroundUITests.swift in Sources */ = {isa = PBXBuildFile; fileRef = 2243D8D42A3A313400B54ED5 /* ui_playgroundUITests.swift */; };
		2243D8D72A3A313400B54ED5 /* ui_playgroundUITestsLaunchTests.swift in Sources */ = {isa = PBXBuildFile; fileRef = 2243D8D62A3A313400B54ED5 /* ui_playgroundUITestsLaunchTests.swift */; };
/* End PBXBuildFile section */

/* Begin PBXContainerItemProxy section */
		2243D8C72A3A313400B54ED5 /* PBXContainerItemProxy */ = {
			isa = PBXContainerItemProxy;
			containerPortal = 2243D8AE2A3A313300B54ED5 /* Project object */;
			proxyType = 1;
			remoteGlobalIDString = 2243D8B52A3A313300B54ED5;
			remoteInfo = "ui-playground";
		};
		2243D8D12A3A313400B54ED5 /* PBXContainerItemProxy */ = {
			isa = PBXContainerItemProxy;
			containerPortal = 2243D8AE2A3A313300B54ED5 /* Project object */;
			proxyType = 1;
			remoteGlobalIDString = 2243D8B52A3A313300B54ED5;
			remoteInfo = "ui-playground";
		};
/* End PBXContainerItemProxy section */

/* Begin PBXFileReference section */
		2243D8B62A3A313300B54ED5 /* ui-playground.app */ = {isa = PBXFileReference; explicitFileType = wrapper.application; includeInIndex = 0; path = "ui-playground.app"; sourceTree = BUILT_PRODUCTS_DIR; };
		2243D8B92A3A313300B54ED5 /* ui_playgroundApp.swift */ = {isa = PBXFileReference; lastKnownFileType = sourcecode.swift; path = ui_playgroundApp.swift; sourceTree = "<group>"; };
		2243D8BB2A3A313300B54ED5 /* ContentView.swift */ = {isa = PBXFileReference; lastKnownFileType = sourcecode.swift; path = ContentView.swift; sourceTree = "<group>"; };
		2243D8BD2A3A313400B54ED5 /* Assets.xcassets */ = {isa = PBXFileReference; lastKnownFileType = folder.assetcatalog; path = Assets.xcassets; sourceTree = "<group>"; };
		2243D8C02A3A313400B54ED5 /* Preview Assets.xcassets */ = {isa = PBXFileReference; lastKnownFileType = folder.assetcatalog; path = "Preview Assets.xcassets"; sourceTree = "<group>"; };
		2243D8C62A3A313400B54ED5 /* ui-playgroundTests.xctest */ = {isa = PBXFileReference; explicitFileType = wrapper.cfbundle; includeInIndex = 0; path = "ui-playgroundTests.xctest"; sourceTree = BUILT_PRODUCTS_DIR; };
		2243D8CA2A3A313400B54ED5 /* ui_playgroundTests.swift */ = {isa = PBXFileReference; lastKnownFileType = sourcecode.swift; path = ui_playgroundTests.swift; sourceTree = "<group>"; };
		2243D8D02A3A313400B54ED5 /* ui-playgroundUITests.xctest */ = {isa = PBXFileReference; explicitFileType = wrapper.cfbundle; includeInIndex = 0; path = "ui-playgroundUITests.xctest"; sourceTree = BUILT_PRODUCTS_DIR; };
		2243D8D42A3A313400B54ED5 /* ui_playgroundUITests.swift */ = {isa = PBXFileReference; lastKnownFileType = sourcecode.swift; path = ui_playgroundUITests.swift; sourceTree = "<group>"; };
		2243D8D62A3A313400B54ED5 /* ui_playgroundUITestsLaunchTests.swift */ = {isa = PBXFileReference; lastKnownFileType = sourcecode.swift; path = ui_playgroundUITestsLaunchTests.swift; sourceTree = "<group>"; };
/* End PBXFileReference section */

/* Begin PBXFrameworksBuildPhase section */
		2243D8B32A3A313300B54ED5 /* Frameworks */ = {
			isa = PBXFrameworksBuildPhase;
			buildActionMask = 2147483647;
			files = (
			);
			runOnlyForDeploymentPostprocessing = 0;
		};
		2243D8C32A3A313400B54ED5 /* Frameworks */ = {
			isa = PBXFrameworksBuildPhase;
			buildActionMask = 2147483647;
			files = (
			);
			runOnlyForDeploymentPostprocessing = 0;
		};
		2243D8CD2A3A313400B54ED5 /* Frameworks */ = {
			isa = PBXFrameworksBuildPhase;
			buildActionMask = 2147483647;
			files = (
			);
			runOnlyForDeploymentPostprocessing = 0;
		};
/* End PBXFrameworksBuildPhase section */

/* Begin PBXGroup section */
		2243D8AD2A3A313300B54ED5 = {
			isa = PBXGroup;
			children = (
				2243D8B82A3A313300B54ED5 /* ui-playground */,
				2243D8C92A3A313400B54ED5 /* ui-playgroundTests */,
				2243D8D32A3A313400B54ED5 /* ui-playgroundUITests */,
				2243D8B72A3A313300B54ED5 /* Products */,
			);
			sourceTree = "<group>";
		};
		2243D8B72A3A313300B54ED5 /* Products */ = {
			isa = PBXGroup;
			children = (
				2243D8B62A3A313300B54ED5 /* ui-playground.app */,
				2243D8C62A3A313400B54ED5 /* ui-playgroundTests.xctest */,
				2243D8D02A3A313400B54ED5 /* ui-playgroundUITests.xctest */,
			);
			name = Products;
			sourceTree = "<group>";
		};
		2243D8B82A3A313300B54ED5 /* ui-playground */ = {
			isa = PBXGroup;
			children = (
				2243D8B92A3A313300B54ED5 /* ui_playgroundApp.swift */,
				2243D8BB2A3A313300B54ED5 /* ContentView.swift */,
				2243D8BD2A3A313400B54ED5 /* Assets.xcassets */,
				2243D8BF2A3A313400B54ED5 /* Preview Content */,
			);
			path = "ui-playground";
			sourceTree = "<group>";
		};
		2243D8BF2A3A313400B54ED5 /* Preview Content */ = {
			isa = PBXGroup;
			children = (
				2243D8C02A3A313400B54ED5 /* Preview Assets.xcassets */,
			);
			path = "Preview Content";
			sourceTree = "<group>";
		};
		2243D8C92A3A313400B54ED5 /* ui-playgroundTests */ = {
			isa = PBXGroup;
			children = (
				2243D8CA2A3A313400B54ED5 /* ui_playgroundTests.swift */,
			);
			path = "ui-playgroundTests";
			sourceTree = "<group>";
		};
		2243D8D32A3A313400B54ED5 /* ui-playgroundUITests */ = {
			isa = PBXGroup;
			children = (
				2243D8D42A3A313400B54ED5 /* ui_playgroundUITests.swift */,
				2243D8D62A3A313400B54ED5 /* ui_playgroundUITestsLaunchTests.swift */,
			);
			path = "ui-playgroundUITests";
			sourceTree = "<group>";
		};
/* End PBXGroup section */

/* Begin PBXNativeTarget section */
		2243D8B52A3A313300B54ED5 /* ui-playground */ = {
			isa = PBXNativeTarget;
			buildConfigurationList = 2243D8DA2A3A313400B54ED5 /* Build configuration list for PBXNativeTarget "ui-playground" */;
			buildPhases = (
				2243D8B22A3A313300B54ED5 /* Sources */,
				2243D8B32A3A313300B54ED5 /* Frameworks */,
				2243D8B42A3A313300B54ED5 /* Resources */,
			);
			buildRules = (
			);
			dependencies = (
			);
			name = "ui-playground";
			productName = "ui-playground";
			productReference = 2243D8B62A3A313300B54ED5 /* ui-playground.app */;
			productType = "com.apple.product-type.application";
		};
		2243D8C52A3A313400B54ED5 /* ui-playgroundTests */ = {
			isa = PBXNativeTarget;
			buildConfigurationList = 2243D8DD2A3A313400B54ED5 /* Build configuration list for PBXNativeTarget "ui-playgroundTests" */;
			buildPhases = (
				2243D8C22A3A313400B54ED5 /* Sources */,
				2243D8C32A3A313400B54ED5 /* Frameworks */,
				2243D8C42A3A313400B54ED5 /* Resources */,
			);
			buildRules = (
			);
			dependencies = (
				2243D8C82A3A313400B54ED5 /* PBXTargetDependency */,
			);
			name = "ui-playgroundTests";
			productName = "ui-playgroundTests";
			productReference = 2243D8C62A3A313400B54ED5 /* ui-playgroundTests.xctest */;
			productType = "com.apple.product-type.bundle.unit-test";
		};
		2243D8CF2A3A313400B54ED5 /* ui-playgroundUITests */ = {
			isa = PBXNativeTarget;
			buildConfigurationList = 2243D8E02A3A313400B54ED5 /* Build configuration list for PBXNativeTarget "ui-playgroundUITests" */;
			buildPhases = (
				2243D8CC2A3A313400B54ED5 /* Sources */,
				2243D8CD2A3A313400B54ED5 /* Frameworks */,
				2243D8CE2A3A313400B54ED5 /* Resources */,
			);
			buildRules = (
			);
			dependencies = (
				2243D8D22A3A313400B54ED5 /* PBXTargetDependency */,
			);
			name = "ui-playgroundUITests";
			productName = "ui-playgroundUITests";
			productReference = 2243D8D02A3A313400B54ED5 /* ui-playgroundUITests.xctest */;
			productType = "com.apple.product-type.bundle.ui-testing";
		};
/* End PBXNativeTarget section */

/* Begin PBXProject section */
		2243D8AE2A3A313300B54ED5 /* Project object */ = {
			isa = PBXProject;
			attributes = {
				BuildIndependentTargetsInParallel = 1;
				LastSwiftUpdateCheck = 1420;
				LastUpgradeCheck = 1420;
				TargetAttributes = {
					2243D8B52A3A313300B54ED5 = {
						CreatedOnToolsVersion = 14.2;
					};
					2243D8C52A3A313400B54ED5 = {
						CreatedOnToolsVersion = 14.2;
						TestTargetID = 2243D8B52A3A313300B54ED5;
					};
					2243D8CF2A3A313400B54ED5 = {
						CreatedOnToolsVersion = 14.2;
						TestTargetID = 2243D8B52A3A313300B54ED5;
					};
				};
			};
			buildConfigurationList = 2243D8B12A3A313300B54ED5 /* Build configuration list for PBXProject "ui-playground" */;
			compatibilityVersion = "Xcode 14.0";
			developmentRegion = en;
			hasScannedForEncodings = 0;
			knownRegions = (
				en,
				Base,
			);
			mainGroup = 2243D8AD2A3A313300B54ED5;
			productRefGroup = 2243D8B72A3A313300B54ED5 /* Products */;
			projectDirPath = "";
			projectRoot = "";
			targets = (
				2243D8B52A3A313300B54ED5 /* ui-playground */,
				2243D8C52A3A313400B54ED5 /* ui-playgroundTests */,
				2243D8CF2A3A313400B54ED5 /* ui-playgroundUITests */,
			);
		};
/* End PBXProject section */

/* Begin PBXResourcesBuildPhase section */
		2243D8B42A3A313300B54ED5 /* Resources */ = {
			isa = PBXResourcesBuildPhase;
			buildActionMask = 2147483647;
			files = (
				2243D8C12A3A313400B54ED5 /* Preview Assets.xcassets in Resources */,
				2243D8BE2A3A313400B54ED5 /* Assets.xcassets in Resources */,
			);
			runOnlyForDeploymentPostprocessing = 0;
		};
		2243D8C42A3A313400B54ED5 /* Resources */ = {
			isa = PBXResourcesBuildPhase;
			buildActionMask = 2147483647;
			files = (
			);
			runOnlyForDeploymentPostprocessing = 0;
		};
		2243D8CE2A3A313400B54ED5 /* Resources */ = {
			isa = PBXResourcesBuildPhase;
			buildActionMask = 2147483647;
			files = (
			);
			runOnlyForDeploymentPostprocessing = 0;
		};
/* End PBXResourcesBuildPhase section */

/* Begin PBXSourcesBuildPhase section */
		2243D8B22A3A313300B54ED5 /* Sources */ = {
			isa = PBXSourcesBuildPhase;
			buildActionMask = 2147483647;
			files = (
				2243D8BC2A3A313300B54ED5 /* ContentView.swift in Sources */,
				2243D8BA2A3A313300B54ED5 /* ui_playgroundApp.swift in Sources */,
			);
			runOnlyForDeploymentPostprocessing = 0;
		};
		2243D8C22A3A313400B54ED5 /* Sources */ = {
			isa = PBXSourcesBuildPhase;
			buildActionMask = 2147483647;
			files = (
				2243D8CB2A3A313400B54ED5 /* ui_playgroundTests.swift in Sources */,
			);
			runOnlyForDeploymentPostprocessing = 0;
		};
		2243D8CC2A3A313400B54ED5 /* Sources */ = {
			isa = PBXSourcesBuildPhase;
			buildActionMask = 2147483647;
			files = (
				2243D8D52A3A313400B54ED5 /* ui_playgroundUITests.swift in Sources */,
				2243D8D72A3A313400B54ED5 /* ui_playgroundUITestsLaunchTests.swift in Sources */,
			);
			runOnlyForDeploymentPostprocessing = 0;
		};
/* End PBXSourcesBuildPhase section */

/* Begin PBXTargetDependency section */
		2243D8C82A3A313400B54ED5 /* PBXTargetDependency */ = {
			isa = PBXTargetDependency;
			target = 2243D8B52A3A313300B54ED5 /* ui-playground */;
			targetProxy = 2243D8C72A3A313400B54ED5 /* PBXContainerItemProxy */;
		};
		2243D8D22A3A313400B54ED5 /* PBXTargetDependency */ = {
			isa = PBXTargetDependency;
			target = 2243D8B52A3A313300B54ED5 /* ui-playground */;
			targetProxy = 2243D8D12A3A313400B54ED5 /* PBXContainerItemProxy */;
		};
/* End PBXTargetDependency section */

/* Begin XCBuildConfiguration section */
		2243D8D82A3A313400B54ED5 /* Debug */ = {
			isa = XCBuildConfiguration;
			buildSettings = {
				ALWAYS_SEARCH_USER_PATHS = NO;
				CLANG_ANALYZER_NONNULL = YES;
				CLANG_ANALYZER_NUMBER_OBJECT_CONVERSION = YES_AGGRESSIVE;
				CLANG_CXX_LANGUAGE_STANDARD = "gnu++20";
				CLANG_ENABLE_MODULES = YES;
				CLANG_ENABLE_OBJC_ARC = YES;
				CLANG_ENABLE_OBJC_WEAK = YES;
				CLANG_WARN_BLOCK_CAPTURE_AUTORELEASING = YES;
				CLANG_WARN_BOOL_CONVERSION = YES;
				CLANG_WARN_COMMA = YES;
				CLANG_WARN_CONSTANT_CONVERSION = YES;
				CLANG_WARN_DEPRECATED_OBJC_IMPLEMENTATIONS = YES;
				CLANG_WARN_DIRECT_OBJC_ISA_USAGE = YES_ERROR;
				CLANG_WARN_DOCUMENTATION_COMMENTS = YES;
				CLANG_WARN_EMPTY_BODY = YES;
				CLANG_WARN_ENUM_CONVERSION = YES;
				CLANG_WARN_INFINITE_RECURSION = YES;
				CLANG_WARN_INT_CONVERSION = YES;
				CLANG_WARN_NON_LITERAL_NULL_CONVERSION = YES;
				CLANG_WARN_OBJC_IMPLICIT_RETAIN_SELF = YES;
				CLANG_WARN_OBJC_LITERAL_CONVERSION = YES;
				CLANG_WARN_OBJC_ROOT_CLASS = YES_ERROR;
				CLANG_WARN_QUOTED_INCLUDE_IN_FRAMEWORK_HEADER = YES;
				CLANG_WARN_RANGE_LOOP_ANALYSIS = YES;
				CLANG_WARN_STRICT_PROTOTYPES = YES;
				CLANG_WARN_SUSPICIOUS_MOVE = YES;
				CLANG_WARN_UNGUARDED_AVAILABILITY = YES_AGGRESSIVE;
				CLANG_WARN_UNREACHABLE_CODE = YES;
				CLANG_WARN__DUPLICATE_METHOD_MATCH = YES;
				COPY_PHASE_STRIP = NO;
				DEBUG_INFORMATION_FORMAT = dwarf;
				ENABLE_STRICT_OBJC_MSGSEND = YES;
				ENABLE_TESTABILITY = YES;
				GCC_C_LANGUAGE_STANDARD = gnu11;
				GCC_DYNAMIC_NO_PIC = NO;
				GCC_NO_COMMON_BLOCKS = YES;
				GCC_OPTIMIZATION_LEVEL = 0;
				GCC_PREPROCESSOR_DEFINITIONS = (
					"DEBUG=1",
					"$(inherited)",
				);
				GCC_WARN_64_TO_32_BIT_CONVERSION = YES;
				GCC_WARN_ABOUT_RETURN_TYPE = YES_ERROR;
				GCC_WARN_UNDECLARED_SELECTOR = YES;
				GCC_WARN_UNINITIALIZED_AUTOS = YES_AGGRESSIVE;
				GCC_WARN_UNUSED_FUNCTION = YES;
				GCC_WARN_UNUSED_VARIABLE = YES;
				IPHONEOS_DEPLOYMENT_TARGET = 16.2;
				MTL_ENABLE_DEBUG_INFO = INCLUDE_SOURCE;
				MTL_FAST_MATH = YES;
				ONLY_ACTIVE_ARCH = YES;
				SDKROOT = iphoneos;
				SWIFT_ACTIVE_COMPILATION_CONDITIONS = DEBUG;
				SWIFT_OPTIMIZATION_LEVEL = "-Onone";
			};
			name = Debug;
		};
		2243D8D92A3A313400B54ED5 /* Release */ = {
			isa = XCBuildConfiguration;
			buildSettings = {
				ALWAYS_SEARCH_USER_PATHS = NO;
				CLANG_ANALYZER_NONNULL = YES;
				CLANG_ANALYZER_NUMBER_OBJECT_CONVERSION = YES_AGGRESSIVE;
				CLANG_CXX_LANGUAGE_STANDARD = "gnu++20";
				CLANG_ENABLE_MODULES = YES;
				CLANG_ENABLE_OBJC_ARC = YES;
				CLANG_ENABLE_OBJC_WEAK = YES;
				CLANG_WARN_BLOCK_CAPTURE_AUTORELEASING = YES;
				CLANG_WARN_BOOL_CONVERSION = YES;
				CLANG_WARN_COMMA = YES;
				CLANG_WARN_CONSTANT_CONVERSION = YES;
				CLANG_WARN_DEPRECATED_OBJC_IMPLEMENTATIONS = YES;
				CLANG_WARN_DIRECT_OBJC_ISA_USAGE = YES_ERROR;
				CLANG_WARN_DOCUMENTATION_COMMENTS = YES;
				CLANG_WARN_EMPTY_BODY = YES;
				CLANG_WARN_ENUM_CONVERSION = YES;
				CLANG_WARN_INFINITE_RECURSION = YES;
				CLANG_WARN_INT_CONVERSION = YES;
				CLANG_WARN_NON_LITERAL_NULL_CONVERSION = YES;
				CLANG_WARN_OBJC_IMPLICIT_RETAIN_SELF = YES;
				CLANG_WARN_OBJC_LITERAL_CONVERSION = YES;
				CLANG_WARN_OBJC_ROOT_CLASS = YES_ERROR;
				CLANG_WARN_QUOTED_INCLUDE_IN_FRAMEWORK_HEADER = YES;
				CLANG_WARN_RANGE_LOOP_ANALYSIS = YES;
				CLANG_WARN_STRICT_PROTOTYPES = YES;
				CLANG_WARN_SUSPICIOUS_MOVE = YES;
				CLANG_WARN_UNGUARDED_AVAILABILITY = YES_AGGRESSIVE;
				CLANG_WARN_UNREACHABLE_CODE = YES;
				CLANG_WARN__DUPLICATE_METHOD_MATCH = YES;
				COPY_PHASE_STRIP = NO;
				DEBUG_INFORMATION_FORMAT = "dwarf-with-dsym";
				ENABLE_NS_ASSERTIONS = NO;
				ENABLE_STRICT_OBJC_MSGSEND = YES;
				GCC_C_LANGUAGE_STANDARD = gnu11;
				GCC_NO_COMMON_BLOCKS = YES;
				GCC_WARN_64_TO_32_BIT_CONVERSION = YES;
				GCC_WARN_ABOUT_RETURN_TYPE = YES_ERROR;
				GCC_WARN_UNDECLARED_SELECTOR = YES;
				GCC_WARN_UNINITIALIZED_AUTOS = YES_AGGRESSIVE;
				GCC_WARN_UNUSED_FUNCTION = YES;
				GCC_WARN_UNUSED_VARIABLE = YES;
				IPHONEOS_DEPLOYMENT_TARGET = 16.2;
				MTL_ENABLE_DEBUG_INFO = NO;
				MTL_FAST_MATH = YES;
				SDKROOT = iphoneos;
				SWIFT_COMPILATION_MODE = wholemodule;
				SWIFT_OPTIMIZATION_LEVEL = "-O";
				VALIDATE_PRODUCT = YES;
			};
			name = Release;
		};
		2243D8DB2A3A313400B54ED5 /* Debug */ = {
			isa = XCBuildConfiguration;
			buildSettings = {
				ASSETCATALOG_COMPILER_APPICON_NAME = AppIcon;
				ASSETCATALOG_COMPILER_GLOBAL_ACCENT_COLOR_NAME = AccentColor;
				CODE_SIGN_STYLE = Automatic;
				CURRENT_PROJECT_VERSION = 1;
				DEVELOPMENT_ASSET_PATHS = "\"ui-playground/Preview Content\"";
				DEVELOPMENT_TEAM = L9TCRZSCFM;
				ENABLE_PREVIEWS = YES;
				GENERATE_INFOPLIST_FILE = YES;
				INFOPLIST_KEY_UIApplicationSceneManifest_Generation = YES;
				INFOPLIST_KEY_UIApplicationSupportsIndirectInputEvents = YES;
				INFOPLIST_KEY_UILaunchScreen_Generation = YES;
				INFOPLIST_KEY_UISupportedInterfaceOrientations_iPad = "UIInterfaceOrientationPortrait UIInterfaceOrientationPortraitUpsideDown UIInterfaceOrientationLandscapeLeft UIInterfaceOrientationLandscapeRight";
				INFOPLIST_KEY_UISupportedInterfaceOrientations_iPhone = "UIInterfaceOrientationPortrait UIInterfaceOrientationLandscapeLeft UIInterfaceOrientationLandscapeRight";
				LD_RUNPATH_SEARCH_PATHS = (
					"$(inherited)",
					"@executable_path/Frameworks",
				);
				MARKETING_VERSION = 1.0;
				PRODUCT_BUNDLE_IDENTIFIER = "com.timilehinjegede.ui-playground";
				PRODUCT_NAME = "$(TARGET_NAME)";
				SWIFT_EMIT_LOC_STRINGS = YES;
				SWIFT_VERSION = 5.0;
				TARGETED_DEVICE_FAMILY = "1,2";
			};
			name = Debug;
		};
		2243D8DC2A3A313400B54ED5 /* Release */ = {
			isa = XCBuildConfiguration;
			buildSettings = {
				ASSETCATALOG_COMPILER_APPICON_NAME = AppIcon;
				ASSETCATALOG_COMPILER_GLOBAL_ACCENT_COLOR_NAME = AccentColor;
				CODE_SIGN_STYLE = Automatic;
				CURRENT_PROJECT_VERSION = 1;
				DEVELOPMENT_ASSET_PATHS = "\"ui-playground/Preview Content\"";
				DEVELOPMENT_TEAM = L9TCRZSCFM;
				ENABLE_PREVIEWS = YES;
				GENERATE_INFOPLIST_FILE = YES;
				INFOPLIST_KEY_UIApplicationSceneManifest_Generation = YES;
				INFOPLIST_KEY_UIApplicationSupportsIndirectInputEvents = YES;
				INFOPLIST_KEY_UILaunchScreen_Generation = YES;
				INFOPLIST_KEY_UISupportedInterfaceOrientations_iPad = "UIInterfaceOrientationPortrait UIInterfaceOrientationPortraitUpsideDown UIInterfaceOrientationLandscapeLeft UIInterfaceOrientationLandscapeRight";
				INFOPLIST_KEY_UISupportedInterfaceOrientations_iPhone = "UIInterfaceOrientationPortrait UIInterfaceOrientationLandscapeLeft UIInterfaceOrientationLandscapeRight";
				LD_RUNPATH_SEARCH_PATHS = (
					"$(inherited)",
					"@executable_path/Frameworks",
				);
				MARKETING_VERSION = 1.0;
				PRODUCT_BUNDLE_IDENTIFIER = "com.timilehinjegede.ui-playground";
				PRODUCT_NAME = "$(TARGET_NAME)";
				SWIFT_EMIT_LOC_STRINGS = YES;
				SWIFT_VERSION = 5.0;
				TARGETED_DEVICE_FAMILY = "1,2";
			};
			name = Release;
		};
		2243D8DE2A3A313400B54ED5 /* Debug */ = {
			isa = XCBuildConfiguration;
			buildSettings = {
				ALWAYS_EMBED_SWIFT_STANDARD_LIBRARIES = YES;
				BUNDLE_LOADER = "$(TEST_HOST)";
				CODE_SIGN_STYLE = Automatic;
				CURRENT_PROJECT_VERSION = 1;
				DEVELOPMENT_TEAM = L9TCRZSCFM;
				GENERATE_INFOPLIST_FILE = YES;
				IPHONEOS_DEPLOYMENT_TARGET = 16.2;
				MARKETING_VERSION = 1.0;
				PRODUCT_BUNDLE_IDENTIFIER = "com.timilehinjegede.ui-playgroundTests";
				PRODUCT_NAME = "$(TARGET_NAME)";
				SWIFT_EMIT_LOC_STRINGS = NO;
				SWIFT_VERSION = 5.0;
				TARGETED_DEVICE_FAMILY = "1,2";
				TEST_HOST = "$(BUILT_PRODUCTS_DIR)/ui-playground.app/$(BUNDLE_EXECUTABLE_FOLDER_PATH)/ui-playground";
			};
			name = Debug;
		};
		2243D8DF2A3A313400B54ED5 /* Release */ = {
			isa = XCBuildConfiguration;
			buildSettings = {
				ALWAYS_EMBED_SWIFT_STANDARD_LIBRARIES = YES;
				BUNDLE_LOADER = "$(TEST_HOST)";
				CODE_SIGN_STYLE = Automatic;
				CURRENT_PROJECT_VERSION = 1;
				DEVELOPMENT_TEAM = L9TCRZSCFM;
				GENERATE_INFOPLIST_FILE = YES;
				IPHONEOS_DEPLOYMENT_TARGET = 16.2;
				MARKETING_VERSION = 1.0;
				PRODUCT_BUNDLE_IDENTIFIER = "com.timilehinjegede.ui-playgroundTests";
				PRODUCT_NAME = "$(TARGET_NAME)";
				SWIFT_EMIT_LOC_STRINGS = NO;
				SWIFT_VERSION = 5.0;
				TARGETED_DEVICE_FAMILY = "1,2";
				TEST_HOST = "$(BUILT_PRODUCTS_DIR)/ui-playground.app/$(BUNDLE_EXECUTABLE_FOLDER_PATH)/ui-playground";
			};
			name = Release;
		};
		2243D8E12A3A313400B54ED5 /* Debug */ = {
			isa = XCBuildConfiguration;
			buildSettings = {
				ALWAYS_EMBED_SWIFT_STANDARD_LIBRARIES = YES;
				CODE_SIGN_STYLE = Automatic;
				CURRENT_PROJECT_VERSION = 1;
				DEVELOPMENT_TEAM = L9TCRZSCFM;
				GENERATE_INFOPLIST_FILE = YES;
				MARKETING_VERSION = 1.0;
				PRODUCT_BUNDLE_IDENTIFIER = "com.timilehinjegede.ui-playgroundUITests";
				PRODUCT_NAME = "$(TARGET_NAME)";
				SWIFT_EMIT_LOC_STRINGS = NO;
				SWIFT_VERSION = 5.0;
				TARGETED_DEVICE_FAMILY = "1,2";
				TEST_TARGET_NAME = "ui-playground";
			};
			name = Debug;
		};
		2243D8E22A3A313400B54ED5 /* Release */ = {
			isa = XCBuildConfiguration;
			buildSettings = {
				ALWAYS_EMBED_SWIFT_STANDARD_LIBRARIES = YES;
				CODE_SIGN_STYLE = Automatic;
				CURRENT_PROJECT_VERSION = 1;
				DEVELOPMENT_TEAM = L9TCRZSCFM;
				GENERATE_INFOPLIST_FILE = YES;
				MARKETING_VERSION = 1.0;
				PRODUCT_BUNDLE_IDENTIFIER = "com.timilehinjegede.ui-playgroundUITests";
				PRODUCT_NAME = "$(TARGET_NAME)";
				SWIFT_EMIT_LOC_STRINGS = NO;
				SWIFT_VERSION = 5.0;
				TARGETED_DEVICE_FAMILY = "1,2";
				TEST_TARGET_NAME = "ui-playground";
			};
			name = Release;
		};
/* End XCBuildConfiguration section */

/* Begin XCConfigurationList section */
		2243D8B12A3A313300B54ED5 /* Build configuration list for PBXProject "ui-playground" */ = {
			isa = XCConfigurationList;
			buildConfigurations = (
				2243D8D82A3A313400B54ED5 /* Debug */,
				2243D8D92A3A313400B54ED5 /* Release */,
			);
			defaultConfigurationIsVisible = 0;
			defaultConfigurationName = Release;
		};
		2243D8DA2A3A313400B54ED5 /* Build configuration list for PBXNativeTarget "ui-playground" */ = {
			isa = XCConfigurationList;
			buildConfigurations = (
				2243D8DB2A3A313400B54ED5 /* Debug */,
				2243D8DC2A3A313400B54ED5 /* Release */,
			);
			defaultConfigurationIsVisible = 0;
			defaultConfigurationName = Release;
		};
		2243D8DD2A3A313400B54ED5 /* Build configuration list for PBXNativeTarget "ui-playgroundTests" */ = {
			isa = XCConfigurationList;
			buildConfigurations = (
				2243D8DE2A3A313400B54ED5 /* Debug */,
				2243D8DF2A3A313400B54ED5 /* Release */,
			);
			defaultConfigurationIsVisible = 0;
			defaultConfigurationName = Release;
		};
		2243D8E02A3A313400B54ED5 /* Build configuration list for PBXNativeTarget "ui-playgroundUITests" */ = {
			isa = XCConfigurationList;
			buildConfigurations = (
				2243D8E12A3A313400B54ED5 /* Debug */,
				2243D8E22A3A313400B54ED5 /* Release */,
			);
			defaultConfigurationIsVisible = 0;
			defaultConfigurationName = Release;
		};
/* End XCConfigurationList section */
	};
	rootObject = 2243D8AE2A3A313300B54ED5 /* Project object */;
}
